
Microsoft Visual Studio Solution File, Format Version 12.00
# Visual Studio Version 16
VisualStudioVersion = 16.0.29709.97
MinimumVisualStudioVersion = 10.0.40219.1
Project("{8BC9CEB8-8B4A-11D0-8D11-00A0C91BC942}") = "GRM", "GRM.vcxproj", "{A514D1B5-73E2-4655-9477-D2F03B69EF17}"
EndProject
Project("{888888A0-9F3D-457C-B088-3A5042F75D52}") = "pyGRM", "pyGRM\pyGRM.pyproj", "{9CA03951-D897-42F7-890E-5B9FDE4DB9D5}"
EndProject
Global
	GlobalSection(SolutionConfigurationPlatforms) = preSolution
		Debug|Any CPU = Debug|Any CPU
		Debug|x64 = Debug|x64
		Debug|x86 = Debug|x86
		Release|Any CPU = Release|Any CPU
		Release|x64 = Release|x64
		Release|x86 = Release|x86
	EndGlobalSection
	GlobalSection(ProjectConfigurationPlatforms) = postSolution
		{A514D1B5-73E2-4655-9477-D2F03B69EF17}.Debug|Any CPU.ActiveCfg = Debug|Win32
		{A514D1B5-73E2-4655-9477-D2F03B69EF17}.Debug|x64.ActiveCfg = Debug|x64
		{A514D1B5-73E2-4655-9477-D2F03B69EF17}.Debug|x64.Build.0 = Debug|x64
		{A514D1B5-73E2-4655-9477-D2F03B69EF17}.Debug|x86.ActiveCfg = Debug|Win32
		{A514D1B5-73E2-4655-9477-D2F03B69EF17}.Debug|x86.Build.0 = Debug|Win32
		{A514D1B5-73E2-4655-9477-D2F03B69EF17}.Release|Any CPU.ActiveCfg = Release|Win32
		{A514D1B5-73E2-4655-9477-D2F03B69EF17}.Release|x64.ActiveCfg = Release|x64
		{A514D1B5-73E2-4655-9477-D2F03B69EF17}.Release|x64.Build.0 = Release|x64
		{A514D1B5-73E2-4655-9477-D2F03B69EF17}.Release|x86.ActiveCfg = Release|Win32
		{A514D1B5-73E2-4655-9477-D2F03B69EF17}.Release|x86.Build.0 = Release|Win32
		{9CA03951-D897-42F7-890E-5B9FDE4DB9D5}.Debug|Any CPU.ActiveCfg = Debug|Any CPU
		{9CA03951-D897-42F7-890E-5B9FDE4DB9D5}.Debug|x64.ActiveCfg = Debug|Any CPU
		{9CA03951-D897-42F7-890E-5B9FDE4DB9D5}.Debug|x86.ActiveCfg = Debug|Any CPU
		{9CA03951-D897-42F7-890E-5B9FDE4DB9D5}.Release|Any CPU.ActiveCfg = Release|Any CPU
		{9CA03951-D897-42F7-890E-5B9FDE4DB9D5}.Release|x64.ActiveCfg = Release|Any CPU
		{9CA03951-D897-42F7-890E-5B9FDE4DB9D5}.Release|x86.ActiveCfg = Release|Any CPU
	EndGlobalSection
	GlobalSection(SolutionProperties) = preSolution
		HideSolutionNode = FALSE
	EndGlobalSection
	GlobalSection(ExtensibilityGlobals) = postSolution
		SolutionGuid = {AE6D3B43-4CF5-4D35-A265-9C256210FC40}
	EndGlobalSection
EndGlobal
